// !$*UTF8*$!
{
	archiveVersion = 1;
	classes = {
	};
	objectVersion = 50;
	objects = {

/* Begin PBXBuildFile section */
		A1D68AA122C4B90B00D95029 /* AppDelegate.m in Sources */ = {isa = PBXBuildFile; fileRef = A1D68AA022C4B90B00D95029 /* AppDelegate.m */; };
		A1D68AA922C4B90D00D95029 /* Assets.xcassets in Resources */ = {isa = PBXBuildFile; fileRef = A1D68AA822C4B90D00D95029 /* Assets.xcassets */; };
		A1D68AAC22C4B90D00D95029 /* LaunchScreen.storyboard in Resources */ = {isa = PBXBuildFile; fileRef = A1D68AAA22C4B90D00D95029 /* LaunchScreen.storyboard */; };
		A1D68AAF22C4B90D00D95029 /* main.m in Sources */ = {isa = PBXBuildFile; fileRef = A1D68AAE22C4B90D00D95029 /* main.m */; };
		A1D68AB922C4B90D00D95029 /* RACHHTestTests.m in Sources */ = {isa = PBXBuildFile; fileRef = A1D68AB822C4B90D00D95029 /* RACHHTestTests.m */; };
		A1D68AC422C4B90D00D95029 /* RACHHTestUITests.m in Sources */ = {isa = PBXBuildFile; fileRef = A1D68AC322C4B90D00D95029 /* RACHHTestUITests.m */; };
		A1D68AD722C4BC6200D95029 /* HHHttpservice.m in Sources */ = {isa = PBXBuildFile; fileRef = A1D68AD622C4BC6200D95029 /* HHHttpservice.m */; };
		A1D68ADB22C4BD8D00D95029 /* HHURLParameters.m in Sources */ = {isa = PBXBuildFile; fileRef = A1D68ADA22C4BD8D00D95029 /* HHURLParameters.m */; };
		A1D68ADE22C4C20300D95029 /* HHHTTPRequest.m in Sources */ = {isa = PBXBuildFile; fileRef = A1D68ADD22C4C20300D95029 /* HHHTTPRequest.m */; };
		A1D68AEE22C5A87800D95029 /* UIWindow+HHHierarchy.m in Sources */ = {isa = PBXBuildFile; fileRef = A1D68AED22C5A87800D95029 /* UIWindow+HHHierarchy.m */; };
		A1D68AF122C5AE1500D95029 /* UIView+HHHierarchy.m in Sources */ = {isa = PBXBuildFile; fileRef = A1D68AF022C5AE1500D95029 /* UIView+HHHierarchy.m */; };
		A1D68AF422C5AED800D95029 /* UIViewController+HHHierarchy.m in Sources */ = {isa = PBXBuildFile; fileRef = A1D68AF322C5AED800D95029 /* UIViewController+HHHierarchy.m */; };
		A1D68B0022C5C31000D95029 /* HHBaseModel.m in Sources */ = {isa = PBXBuildFile; fileRef = A1D68AFF22C5C31000D95029 /* HHBaseModel.m */; };
		A1D68B0422C5DFFB00D95029 /* HHResponse.m in Sources */ = {isa = PBXBuildFile; fileRef = A1D68B0322C5DFFB00D95029 /* HHResponse.m */; };
		A1D68B0922C5E72A00D95029 /* NSString+HHCategory.m in Sources */ = {isa = PBXBuildFile; fileRef = A1D68B0822C5E72A00D95029 /* NSString+HHCategory.m */; };
		A1D68B1122C6295000D95029 /* HHLoginModel.m in Sources */ = {isa = PBXBuildFile; fileRef = A1D68B1022C6295000D95029 /* HHLoginModel.m */; };
		A1D68B1422C6320B00D95029 /* HHLoginViewModel.m in Sources */ = {isa = PBXBuildFile; fileRef = A1D68B1322C6320B00D95029 /* HHLoginViewModel.m */; };
		D56213B7D2C369ADF7FA1E88 /* Pods_RACHHTest.framework in Frameworks */ = {isa = PBXBuildFile; fileRef = 0EE91DB82135CFF382E47300 /* Pods_RACHHTest.framework */; };
/* End PBXBuildFile section */

/* Begin PBXContainerItemProxy section */
		A1D68AB522C4B90D00D95029 /* PBXContainerItemProxy */ = {
			isa = PBXContainerItemProxy;
			containerPortal = A1D68A9422C4B90B00D95029 /* Project object */;
			proxyType = 1;
			remoteGlobalIDString = A1D68A9B22C4B90B00D95029;
			remoteInfo = RACHHTest;
		};
		A1D68AC022C4B90D00D95029 /* PBXContainerItemProxy */ = {
			isa = PBXContainerItemProxy;
			containerPortal = A1D68A9422C4B90B00D95029 /* Project object */;
			proxyType = 1;
			remoteGlobalIDString = A1D68A9B22C4B90B00D95029;
			remoteInfo = RACHHTest;
		};
/* End PBXContainerItemProxy section */

/* Begin PBXFileReference section */
		0E2E6C057A85BB431318BED2 /* Pods-RACHHTest.release.xcconfig */ = {isa = PBXFileReference; includeInIndex = 1; lastKnownFileType = text.xcconfig; name = "Pods-RACHHTest.release.xcconfig"; path = "Pods/Target Support Files/Pods-RACHHTest/Pods-RACHHTest.release.xcconfig"; sourceTree = "<group>"; };
		0EE91DB82135CFF382E47300 /* Pods_RACHHTest.framework */ = {isa = PBXFileReference; explicitFileType = wrapper.framework; includeInIndex = 0; path = Pods_RACHHTest.framework; sourceTree = BUILT_PRODUCTS_DIR; };
		A1D68A9C22C4B90B00D95029 /* RACHHTest.app */ = {isa = PBXFileReference; explicitFileType = wrapper.application; includeInIndex = 0; path = RACHHTest.app; sourceTree = BUILT_PRODUCTS_DIR; };
		A1D68A9F22C4B90B00D95029 /* AppDelegate.h */ = {isa = PBXFileReference; lastKnownFileType = sourcecode.c.h; path = AppDelegate.h; sourceTree = "<group>"; };
		A1D68AA022C4B90B00D95029 /* AppDelegate.m */ = {isa = PBXFileReference; lastKnownFileType = sourcecode.c.objc; path = AppDelegate.m; sourceTree = "<group>"; };
		A1D68AA822C4B90D00D95029 /* Assets.xcassets */ = {isa = PBXFileReference; lastKnownFileType = folder.assetcatalog; path = Assets.xcassets; sourceTree = "<group>"; };
		A1D68AAB22C4B90D00D95029 /* Base */ = {isa = PBXFileReference; lastKnownFileType = file.storyboard; name = Base; path = Base.lproj/LaunchScreen.storyboard; sourceTree = "<group>"; };
		A1D68AAD22C4B90D00D95029 /* Info.plist */ = {isa = PBXFileReference; lastKnownFileType = text.plist.xml; path = Info.plist; sourceTree = "<group>"; };
		A1D68AAE22C4B90D00D95029 /* main.m */ = {isa = PBXFileReference; lastKnownFileType = sourcecode.c.objc; path = main.m; sourceTree = "<group>"; };
		A1D68AB422C4B90D00D95029 /* RACHHTestTests.xctest */ = {isa = PBXFileReference; explicitFileType = wrapper.cfbundle; includeInIndex = 0; path = RACHHTestTests.xctest; sourceTree = BUILT_PRODUCTS_DIR; };
		A1D68AB822C4B90D00D95029 /* RACHHTestTests.m */ = {isa = PBXFileReference; lastKnownFileType = sourcecode.c.objc; path = RACHHTestTests.m; sourceTree = "<group>"; };
		A1D68ABA22C4B90D00D95029 /* Info.plist */ = {isa = PBXFileReference; lastKnownFileType = text.plist.xml; path = Info.plist; sourceTree = "<group>"; };
		A1D68ABF22C4B90D00D95029 /* RACHHTestUITests.xctest */ = {isa = PBXFileReference; explicitFileType = wrapper.cfbundle; includeInIndex = 0; path = RACHHTestUITests.xctest; sourceTree = BUILT_PRODUCTS_DIR; };
		A1D68AC322C4B90D00D95029 /* RACHHTestUITests.m */ = {isa = PBXFileReference; lastKnownFileType = sourcecode.c.objc; path = RACHHTestUITests.m; sourceTree = "<group>"; };
		A1D68AC522C4B90D00D95029 /* Info.plist */ = {isa = PBXFileReference; lastKnownFileType = text.plist.xml; path = Info.plist; sourceTree = "<group>"; };
		A1D68AD322C4BB2100D95029 /* HHClass.h */ = {isa = PBXFileReference; lastKnownFileType = sourcecode.c.h; path = HHClass.h; sourceTree = "<group>"; };
		A1D68AD422C4BB8900D95029 /* HHPrefix.pch */ = {isa = PBXFileReference; lastKnownFileType = sourcecode.c.h; path = HHPrefix.pch; sourceTree = "<group>"; };
		A1D68AD522C4BC6200D95029 /* HHHttpservice.h */ = {isa = PBXFileReference; lastKnownFileType = sourcecode.c.h; path = HHHttpservice.h; sourceTree = "<group>"; };
		A1D68AD622C4BC6200D95029 /* HHHttpservice.m */ = {isa = PBXFileReference; lastKnownFileType = sourcecode.c.objc; path = HHHttpservice.m; sourceTree = "<group>"; };
		A1D68AD922C4BD8D00D95029 /* HHURLParameters.h */ = {isa = PBXFileReference; lastKnownFileType = sourcecode.c.h; path = HHURLParameters.h; sourceTree = "<group>"; };
		A1D68ADA22C4BD8D00D95029 /* HHURLParameters.m */ = {isa = PBXFileReference; lastKnownFileType = sourcecode.c.objc; path = HHURLParameters.m; sourceTree = "<group>"; };
		A1D68ADC22C4C20300D95029 /* HHHTTPRequest.h */ = {isa = PBXFileReference; lastKnownFileType = sourcecode.c.h; path = HHHTTPRequest.h; sourceTree = "<group>"; };
		A1D68ADD22C4C20300D95029 /* HHHTTPRequest.m */ = {isa = PBXFileReference; lastKnownFileType = sourcecode.c.objc; path = HHHTTPRequest.m; sourceTree = "<group>"; };
		A1D68AEC22C5A87800D95029 /* UIWindow+HHHierarchy.h */ = {isa = PBXFileReference; lastKnownFileType = sourcecode.c.h; path = "UIWindow+HHHierarchy.h"; sourceTree = "<group>"; };
		A1D68AED22C5A87800D95029 /* UIWindow+HHHierarchy.m */ = {isa = PBXFileReference; lastKnownFileType = sourcecode.c.objc; path = "UIWindow+HHHierarchy.m"; sourceTree = "<group>"; };
		A1D68AEF22C5AE1500D95029 /* UIView+HHHierarchy.h */ = {isa = PBXFileReference; lastKnownFileType = sourcecode.c.h; path = "UIView+HHHierarchy.h"; sourceTree = "<group>"; };
		A1D68AF022C5AE1500D95029 /* UIView+HHHierarchy.m */ = {isa = PBXFileReference; lastKnownFileType = sourcecode.c.objc; path = "UIView+HHHierarchy.m"; sourceTree = "<group>"; };
		A1D68AF222C5AED800D95029 /* UIViewController+HHHierarchy.h */ = {isa = PBXFileReference; lastKnownFileType = sourcecode.c.h; path = "UIViewController+HHHierarchy.h"; sourceTree = "<group>"; };
		A1D68AF322C5AED800D95029 /* UIViewController+HHHierarchy.m */ = {isa = PBXFileReference; lastKnownFileType = sourcecode.c.objc; path = "UIViewController+HHHierarchy.m"; sourceTree = "<group>"; };
		A1D68AF722C5B04800D95029 /* HHViewControllerHierachy.h */ = {isa = PBXFileReference; lastKnownFileType = sourcecode.c.h; path = HHViewControllerHierachy.h; sourceTree = "<group>"; };
		A1D68AF822C5B11700D95029 /* HHDevice.h */ = {isa = PBXFileReference; lastKnownFileType = sourcecode.c.h; path = HHDevice.h; sourceTree = "<group>"; };
		A1D68AFE22C5C31000D95029 /* HHBaseModel.h */ = {isa = PBXFileReference; lastKnownFileType = sourcecode.c.h; path = HHBaseModel.h; sourceTree = "<group>"; };
		A1D68AFF22C5C31000D95029 /* HHBaseModel.m */ = {isa = PBXFileReference; lastKnownFileType = sourcecode.c.objc; path = HHBaseModel.m; sourceTree = "<group>"; };
		A1D68B0222C5DFFB00D95029 /* HHResponse.h */ = {isa = PBXFileReference; lastKnownFileType = sourcecode.c.h; path = HHResponse.h; sourceTree = "<group>"; };
		A1D68B0322C5DFFB00D95029 /* HHResponse.m */ = {isa = PBXFileReference; lastKnownFileType = sourcecode.c.objc; path = HHResponse.m; sourceTree = "<group>"; };
		A1D68B0522C5E2A200D95029 /* HHHTTPServiceConstant.h */ = {isa = PBXFileReference; lastKnownFileType = sourcecode.c.h; path = HHHTTPServiceConstant.h; sourceTree = "<group>"; };
		A1D68B0722C5E72A00D95029 /* NSString+HHCategory.h */ = {isa = PBXFileReference; lastKnownFileType = sourcecode.c.h; path = "NSString+HHCategory.h"; sourceTree = "<group>"; };
		A1D68B0822C5E72A00D95029 /* NSString+HHCategory.m */ = {isa = PBXFileReference; lastKnownFileType = sourcecode.c.objc; path = "NSString+HHCategory.m"; sourceTree = "<group>"; };
		A1D68B0F22C6295000D95029 /* HHLoginModel.h */ = {isa = PBXFileReference; lastKnownFileType = sourcecode.c.h; path = HHLoginModel.h; sourceTree = "<group>"; };
		A1D68B1022C6295000D95029 /* HHLoginModel.m */ = {isa = PBXFileReference; lastKnownFileType = sourcecode.c.objc; path = HHLoginModel.m; sourceTree = "<group>"; };
		A1D68B1222C6320B00D95029 /* HHLoginViewModel.h */ = {isa = PBXFileReference; lastKnownFileType = sourcecode.c.h; path = HHLoginViewModel.h; sourceTree = "<group>"; };
		A1D68B1322C6320B00D95029 /* HHLoginViewModel.m */ = {isa = PBXFileReference; lastKnownFileType = sourcecode.c.objc; path = HHLoginViewModel.m; sourceTree = "<group>"; };
		CE8FA99D9C8733AD5EAFB7F1 /* Pods-RACHHTest.debug.xcconfig */ = {isa = PBXFileReference; includeInIndex = 1; lastKnownFileType = text.xcconfig; name = "Pods-RACHHTest.debug.xcconfig"; path = "Pods/Target Support Files/Pods-RACHHTest/Pods-RACHHTest.debug.xcconfig"; sourceTree = "<group>"; };
/* End PBXFileReference section */

/* Begin PBXFrameworksBuildPhase section */
		A1D68A9922C4B90B00D95029 /* Frameworks */ = {
			isa = PBXFrameworksBuildPhase;
			buildActionMask = 2147483647;
			files = (
				D56213B7D2C369ADF7FA1E88 /* Pods_RACHHTest.framework in Frameworks */,
			);
			runOnlyForDeploymentPostprocessing = 0;
		};
		A1D68AB122C4B90D00D95029 /* Frameworks */ = {
			isa = PBXFrameworksBuildPhase;
			buildActionMask = 2147483647;
			files = (
			);
			runOnlyForDeploymentPostprocessing = 0;
		};
		A1D68ABC22C4B90D00D95029 /* Frameworks */ = {
			isa = PBXFrameworksBuildPhase;
			buildActionMask = 2147483647;
			files = (
			);
			runOnlyForDeploymentPostprocessing = 0;
		};
/* End PBXFrameworksBuildPhase section */

/* Begin PBXGroup section */
		34F796F3A8862EC7D824A3D7 /* Pods */ = {
			isa = PBXGroup;
			children = (
				CE8FA99D9C8733AD5EAFB7F1 /* Pods-RACHHTest.debug.xcconfig */,
				0E2E6C057A85BB431318BED2 /* Pods-RACHHTest.release.xcconfig */,
			);
			name = Pods;
			sourceTree = "<group>";
		};
		6F7092113DA2A706FC89DAC0 /* Frameworks */ = {
			isa = PBXGroup;
			children = (
				0EE91DB82135CFF382E47300 /* Pods_RACHHTest.framework */,
			);
			name = Frameworks;
			sourceTree = "<group>";
		};
		A1D68A9322C4B90B00D95029 = {
			isa = PBXGroup;
			children = (
				A1D68A9E22C4B90B00D95029 /* RACHHTest */,
				A1D68AB722C4B90D00D95029 /* RACHHTestTests */,
				A1D68AC222C4B90D00D95029 /* RACHHTestUITests */,
				A1D68A9D22C4B90B00D95029 /* Products */,
				34F796F3A8862EC7D824A3D7 /* Pods */,
				6F7092113DA2A706FC89DAC0 /* Frameworks */,
			);
			sourceTree = "<group>";
		};
		A1D68A9D22C4B90B00D95029 /* Products */ = {
			isa = PBXGroup;
			children = (
				A1D68A9C22C4B90B00D95029 /* RACHHTest.app */,
				A1D68AB422C4B90D00D95029 /* RACHHTestTests.xctest */,
				A1D68ABF22C4B90D00D95029 /* RACHHTestUITests.xctest */,
			);
			name = Products;
			sourceTree = "<group>";
		};
		A1D68A9E22C4B90B00D95029 /* RACHHTest */ = {
			isa = PBXGroup;
			children = (
				A1D68B0A22C5E9CB00D95029 /* HHLogin */,
				A1D68B0622C5E6DC00D95029 /* HHCategories */,
				A1D68AF922C5C1EA00D95029 /* HHBases */,
				A1D68AEB22C5A80F00D95029 /* HHViewController */,
				A1D68AD222C4BA8000D95029 /* HHHttpservice */,
				A1D68AD122C4B9F000D95029 /* HHConfig */,
				A1D68A9F22C4B90B00D95029 /* AppDelegate.h */,
				A1D68AA022C4B90B00D95029 /* AppDelegate.m */,
				A1D68AD422C4BB8900D95029 /* HHPrefix.pch */,
				A1D68AA822C4B90D00D95029 /* Assets.xcassets */,
				A1D68AAA22C4B90D00D95029 /* LaunchScreen.storyboard */,
				A1D68AAD22C4B90D00D95029 /* Info.plist */,
				A1D68AAE22C4B90D00D95029 /* main.m */,
			);
			path = RACHHTest;
			sourceTree = "<group>";
		};
		A1D68AB722C4B90D00D95029 /* RACHHTestTests */ = {
			isa = PBXGroup;
			children = (
				A1D68AB822C4B90D00D95029 /* RACHHTestTests.m */,
				A1D68ABA22C4B90D00D95029 /* Info.plist */,
			);
			path = RACHHTestTests;
			sourceTree = "<group>";
		};
		A1D68AC222C4B90D00D95029 /* RACHHTestUITests */ = {
			isa = PBXGroup;
			children = (
				A1D68AC322C4B90D00D95029 /* RACHHTestUITests.m */,
				A1D68AC522C4B90D00D95029 /* Info.plist */,
			);
			path = RACHHTestUITests;
			sourceTree = "<group>";
		};
		A1D68AD122C4B9F000D95029 /* HHConfig */ = {
			isa = PBXGroup;
			children = (
				A1D68AD322C4BB2100D95029 /* HHClass.h */,
				A1D68AF822C5B11700D95029 /* HHDevice.h */,
			);
			path = HHConfig;
			sourceTree = "<group>";
		};
		A1D68AD222C4BA8000D95029 /* HHHttpservice */ = {
			isa = PBXGroup;
			children = (
				A1D68AD522C4BC6200D95029 /* HHHttpservice.h */,
				A1D68AD622C4BC6200D95029 /* HHHttpservice.m */,
				A1D68B0522C5E2A200D95029 /* HHHTTPServiceConstant.h */,
				A1D68AD822C4BCE000D95029 /* HHRequest */,
				A1D68B0122C5DFDE00D95029 /* HHResponse */,
			);
			path = HHHttpservice;
			sourceTree = "<group>";
		};
		A1D68AD822C4BCE000D95029 /* HHRequest */ = {
			isa = PBXGroup;
			children = (
				A1D68AD922C4BD8D00D95029 /* HHURLParameters.h */,
				A1D68ADA22C4BD8D00D95029 /* HHURLParameters.m */,
				A1D68ADC22C4C20300D95029 /* HHHTTPRequest.h */,
				A1D68ADD22C4C20300D95029 /* HHHTTPRequest.m */,
			);
			path = HHRequest;
			sourceTree = "<group>";
		};
		A1D68AEB22C5A80F00D95029 /* HHViewController */ = {
			isa = PBXGroup;
			children = (
				A1D68AF722C5B04800D95029 /* HHViewControllerHierachy.h */,
				A1D68AEC22C5A87800D95029 /* UIWindow+HHHierarchy.h */,
				A1D68AED22C5A87800D95029 /* UIWindow+HHHierarchy.m */,
				A1D68AEF22C5AE1500D95029 /* UIView+HHHierarchy.h */,
				A1D68AF022C5AE1500D95029 /* UIView+HHHierarchy.m */,
				A1D68AF222C5AED800D95029 /* UIViewController+HHHierarchy.h */,
				A1D68AF322C5AED800D95029 /* UIViewController+HHHierarchy.m */,
			);
			path = HHViewController;
			sourceTree = "<group>";
		};
		A1D68AF922C5C1EA00D95029 /* HHBases */ = {
			isa = PBXGroup;
			children = (
				A1D68AFD22C5C22200D95029 /* HHBaseViewController */,
				A1D68AFC22C5C21500D95029 /* HHBaseModel */,
				A1D68AFB22C5C20700D95029 /* HHBaseViewModel */,
				A1D68AFA22C5C1F700D95029 /* HHBaseView */,
			);
			path = HHBases;
			sourceTree = "<group>";
		};
		A1D68AFA22C5C1F700D95029 /* HHBaseView */ = {
			isa = PBXGroup;
			children = (
			);
			path = HHBaseView;
			sourceTree = "<group>";
		};
		A1D68AFB22C5C20700D95029 /* HHBaseViewModel */ = {
			isa = PBXGroup;
			children = (
			);
			path = HHBaseViewModel;
			sourceTree = "<group>";
		};
		A1D68AFC22C5C21500D95029 /* HHBaseModel */ = {
			isa = PBXGroup;
			children = (
				A1D68AFE22C5C31000D95029 /* HHBaseModel.h */,
				A1D68AFF22C5C31000D95029 /* HHBaseModel.m */,
			);
			path = HHBaseModel;
			sourceTree = "<group>";
		};
		A1D68AFD22C5C22200D95029 /* HHBaseViewController */ = {
			isa = PBXGroup;
			children = (
			);
			path = HHBaseViewController;
			sourceTree = "<group>";
		};
		A1D68B0122C5DFDE00D95029 /* HHResponse */ = {
			isa = PBXGroup;
			children = (
				A1D68B0222C5DFFB00D95029 /* HHResponse.h */,
				A1D68B0322C5DFFB00D95029 /* HHResponse.m */,
			);
			path = HHResponse;
			sourceTree = "<group>";
		};
		A1D68B0622C5E6DC00D95029 /* HHCategories */ = {
			isa = PBXGroup;
			children = (
				A1D68B0722C5E72A00D95029 /* NSString+HHCategory.h */,
				A1D68B0822C5E72A00D95029 /* NSString+HHCategory.m */,
			);
			path = HHCategories;
			sourceTree = "<group>";
		};
		A1D68B0A22C5E9CB00D95029 /* HHLogin */ = {
			isa = PBXGroup;
			children = (
				A1D68B0E22C612A000D95029 /* HHLoginViewController */,
				A1D68B0D22C6129200D95029 /* HHLoginView */,
				A1D68B0C22C6128500D95029 /* HHLoginModel */,
				A1D68B0B22C6127400D95029 /* HHLoginViewModel */,
			);
			path = HHLogin;
			sourceTree = "<group>";
		};
		A1D68B0B22C6127400D95029 /* HHLoginViewModel */ = {
			isa = PBXGroup;
			children = (
				A1D68B1222C6320B00D95029 /* HHLoginViewModel.h */,
				A1D68B1322C6320B00D95029 /* HHLoginViewModel.m */,
			);
			path = HHLoginViewModel;
			sourceTree = "<group>";
		};
		A1D68B0C22C6128500D95029 /* HHLoginModel */ = {
			isa = PBXGroup;
			children = (
				A1D68B0F22C6295000D95029 /* HHLoginModel.h */,
				A1D68B1022C6295000D95029 /* HHLoginModel.m */,
			);
			path = HHLoginModel;
			sourceTree = "<group>";
		};
		A1D68B0D22C6129200D95029 /* HHLoginView */ = {
			isa = PBXGroup;
			children = (
			);
			path = HHLoginView;
			sourceTree = "<group>";
		};
		A1D68B0E22C612A000D95029 /* HHLoginViewController */ = {
			isa = PBXGroup;
			children = (
			);
			path = HHLoginViewController;
			sourceTree = "<group>";
		};
/* End PBXGroup section */

/* Begin PBXNativeTarget section */
		A1D68A9B22C4B90B00D95029 /* RACHHTest */ = {
			isa = PBXNativeTarget;
			buildConfigurationList = A1D68AC822C4B90D00D95029 /* Build configuration list for PBXNativeTarget "RACHHTest" */;
			buildPhases = (
				382BB47D943B70DAC828DA89 /* [CP] Check Pods Manifest.lock */,
				A1D68A9822C4B90B00D95029 /* Sources */,
				A1D68A9922C4B90B00D95029 /* Frameworks */,
				A1D68A9A22C4B90B00D95029 /* Resources */,
				5EEA2FC9B4B9DCFF666BE2E6 /* [CP] Embed Pods Frameworks */,
			);
			buildRules = (
			);
			dependencies = (
			);
			name = RACHHTest;
			productName = RACHHTest;
			productReference = A1D68A9C22C4B90B00D95029 /* RACHHTest.app */;
			productType = "com.apple.product-type.application";
		};
		A1D68AB322C4B90D00D95029 /* RACHHTestTests */ = {
			isa = PBXNativeTarget;
			buildConfigurationList = A1D68ACB22C4B90D00D95029 /* Build configuration list for PBXNativeTarget "RACHHTestTests" */;
			buildPhases = (
				A1D68AB022C4B90D00D95029 /* Sources */,
				A1D68AB122C4B90D00D95029 /* Frameworks */,
				A1D68AB222C4B90D00D95029 /* Resources */,
			);
			buildRules = (
			);
			dependencies = (
				A1D68AB622C4B90D00D95029 /* PBXTargetDependency */,
			);
			name = RACHHTestTests;
			productName = RACHHTestTests;
			productReference = A1D68AB422C4B90D00D95029 /* RACHHTestTests.xctest */;
			productType = "com.apple.product-type.bundle.unit-test";
		};
		A1D68ABE22C4B90D00D95029 /* RACHHTestUITests */ = {
			isa = PBXNativeTarget;
			buildConfigurationList = A1D68ACE22C4B90D00D95029 /* Build configuration list for PBXNativeTarget "RACHHTestUITests" */;
			buildPhases = (
				A1D68ABB22C4B90D00D95029 /* Sources */,
				A1D68ABC22C4B90D00D95029 /* Frameworks */,
				A1D68ABD22C4B90D00D95029 /* Resources */,
			);
			buildRules = (
			);
			dependencies = (
				A1D68AC122C4B90D00D95029 /* PBXTargetDependency */,
			);
			name = RACHHTestUITests;
			productName = RACHHTestUITests;
			productReference = A1D68ABF22C4B90D00D95029 /* RACHHTestUITests.xctest */;
			productType = "com.apple.product-type.bundle.ui-testing";
		};
/* End PBXNativeTarget section */

/* Begin PBXProject section */
		A1D68A9422C4B90B00D95029 /* Project object */ = {
			isa = PBXProject;
			attributes = {
				LastUpgradeCheck = 1020;
				ORGANIZATIONNAME = "White-C";
				TargetAttributes = {
					A1D68A9B22C4B90B00D95029 = {
						CreatedOnToolsVersion = 10.2.1;
					};
					A1D68AB322C4B90D00D95029 = {
						CreatedOnToolsVersion = 10.2.1;
						TestTargetID = A1D68A9B22C4B90B00D95029;
					};
					A1D68ABE22C4B90D00D95029 = {
						CreatedOnToolsVersion = 10.2.1;
						TestTargetID = A1D68A9B22C4B90B00D95029;
					};
				};
			};
			buildConfigurationList = A1D68A9722C4B90B00D95029 /* Build configuration list for PBXProject "RACHHTest" */;
			compatibilityVersion = "Xcode 9.3";
			developmentRegion = en;
			hasScannedForEncodings = 0;
			knownRegions = (
				en,
				Base,
			);
			mainGroup = A1D68A9322C4B90B00D95029;
			productRefGroup = A1D68A9D22C4B90B00D95029 /* Products */;
			projectDirPath = "";
			projectRoot = "";
			targets = (
				A1D68A9B22C4B90B00D95029 /* RACHHTest */,
				A1D68AB322C4B90D00D95029 /* RACHHTestTests */,
				A1D68ABE22C4B90D00D95029 /* RACHHTestUITests */,
			);
		};
/* End PBXProject section */

/* Begin PBXResourcesBuildPhase section */
		A1D68A9A22C4B90B00D95029 /* Resources */ = {
			isa = PBXResourcesBuildPhase;
			buildActionMask = 2147483647;
			files = (
				A1D68AAC22C4B90D00D95029 /* LaunchScreen.storyboard in Resources */,
				A1D68AA922C4B90D00D95029 /* Assets.xcassets in Resources */,
			);
			runOnlyForDeploymentPostprocessing = 0;
		};
		A1D68AB222C4B90D00D95029 /* Resources */ = {
			isa = PBXResourcesBuildPhase;
			buildActionMask = 2147483647;
			files = (
			);
			runOnlyForDeploymentPostprocessing = 0;
		};
		A1D68ABD22C4B90D00D95029 /* Resources */ = {
			isa = PBXResourcesBuildPhase;
			buildActionMask = 2147483647;
			files = (
			);
			runOnlyForDeploymentPostprocessing = 0;
		};
/* End PBXResourcesBuildPhase section */

/* Begin PBXShellScriptBuildPhase section */
		382BB47D943B70DAC828DA89 /* [CP] Check Pods Manifest.lock */ = {
			isa = PBXShellScriptBuildPhase;
			buildActionMask = 2147483647;
			files = (
			);
			inputPaths = (
				"${PODS_PODFILE_DIR_PATH}/Podfile.lock",
				"${PODS_ROOT}/Manifest.lock",
			);
			name = "[CP] Check Pods Manifest.lock";
			outputPaths = (
				"$(DERIVED_FILE_DIR)/Pods-RACHHTest-checkManifestLockResult.txt",
			);
			runOnlyForDeploymentPostprocessing = 0;
			shellPath = /bin/sh;
			shellScript = "diff \"${PODS_PODFILE_DIR_PATH}/Podfile.lock\" \"${PODS_ROOT}/Manifest.lock\" > /dev/null\nif [ $? != 0 ] ; then\n    # print error to STDERR\n    echo \"error: The sandbox is not in sync with the Podfile.lock. Run 'pod install' or update your CocoaPods installation.\" >&2\n    exit 1\nfi\n# This output is used by Xcode 'outputs' to avoid re-running this script phase.\necho \"SUCCESS\" > \"${SCRIPT_OUTPUT_FILE_0}\"\n";
			showEnvVarsInLog = 0;
		};
		5EEA2FC9B4B9DCFF666BE2E6 /* [CP] Embed Pods Frameworks */ = {
			isa = PBXShellScriptBuildPhase;
			buildActionMask = 2147483647;
			files = (
			);
			inputPaths = (
				"${SRCROOT}/Pods/Target Support Files/Pods-RACHHTest/Pods-RACHHTest-frameworks.sh",
				"${BUILT_PRODUCTS_DIR}/AFNetworking/AFNetworking.framework",
				"${BUILT_PRODUCTS_DIR}/IQKeyboardManager/IQKeyboardManager.framework",
				"${BUILT_PRODUCTS_DIR}/JKCategories/JKCategories.framework",
				"${BUILT_PRODUCTS_DIR}/MBProgressHUD/MBProgressHUD.framework",
				"${BUILT_PRODUCTS_DIR}/MJExtension/MJExtension.framework",
				"${BUILT_PRODUCTS_DIR}/MJRefresh/MJRefresh.framework",
				"${BUILT_PRODUCTS_DIR}/Masonry/Masonry.framework",
				"${BUILT_PRODUCTS_DIR}/ReactiveObjC/ReactiveObjC.framework",
				"${BUILT_PRODUCTS_DIR}/SDWebImage/SDWebImage.framework",
			);
			name = "[CP] Embed Pods Frameworks";
			outputPaths = (
				"${TARGET_BUILD_DIR}/${FRAMEWORKS_FOLDER_PATH}/AFNetworking.framework",
				"${TARGET_BUILD_DIR}/${FRAMEWORKS_FOLDER_PATH}/IQKeyboardManager.framework",
				"${TARGET_BUILD_DIR}/${FRAMEWORKS_FOLDER_PATH}/JKCategories.framework",
				"${TARGET_BUILD_DIR}/${FRAMEWORKS_FOLDER_PATH}/MBProgressHUD.framework",
				"${TARGET_BUILD_DIR}/${FRAMEWORKS_FOLDER_PATH}/MJExtension.framework",
				"${TARGET_BUILD_DIR}/${FRAMEWORKS_FOLDER_PATH}/MJRefresh.framework",
				"${TARGET_BUILD_DIR}/${FRAMEWORKS_FOLDER_PATH}/Masonry.framework",
				"${TARGET_BUILD_DIR}/${FRAMEWORKS_FOLDER_PATH}/ReactiveObjC.framework",
				"${TARGET_BUILD_DIR}/${FRAMEWORKS_FOLDER_PATH}/SDWebImage.framework",
			);
			runOnlyForDeploymentPostprocessing = 0;
			shellPath = /bin/sh;
			shellScript = "\"${SRCROOT}/Pods/Target Support Files/Pods-RACHHTest/Pods-RACHHTest-frameworks.sh\"\n";
			showEnvVarsInLog = 0;
		};
/* End PBXShellScriptBuildPhase section */

/* Begin PBXSourcesBuildPhase section */
		A1D68A9822C4B90B00D95029 /* Sources */ = {
			isa = PBXSourcesBuildPhase;
			buildActionMask = 2147483647;
			files = (
				A1D68ADB22C4BD8D00D95029 /* HHURLParameters.m in Sources */,
				A1D68AEE22C5A87800D95029 /* UIWindow+HHHierarchy.m in Sources */,
				A1D68AF122C5AE1500D95029 /* UIView+HHHierarchy.m in Sources */,
				A1D68B1122C6295000D95029 /* HHLoginModel.m in Sources */,
				A1D68B0022C5C31000D95029 /* HHBaseModel.m in Sources */,
				A1D68B0922C5E72A00D95029 /* NSString+HHCategory.m in Sources */,
				A1D68B0422C5DFFB00D95029 /* HHResponse.m in Sources */,
				A1D68AF422C5AED800D95029 /* UIViewController+HHHierarchy.m in Sources */,
				A1D68B1422C6320B00D95029 /* HHLoginViewModel.m in Sources */,
				A1D68AAF22C4B90D00D95029 /* main.m in Sources */,
				A1D68ADE22C4C20300D95029 /* HHHTTPRequest.m in Sources */,
				A1D68AA122C4B90B00D95029 /* AppDelegate.m in Sources */,
				A1D68AD722C4BC6200D95029 /* HHHttpservice.m in Sources */,
			);
			runOnlyForDeploymentPostprocessing = 0;
		};
		A1D68AB022C4B90D00D95029 /* Sources */ = {
			isa = PBXSourcesBuildPhase;
			buildActionMask = 2147483647;
			files = (
				A1D68AB922C4B90D00D95029 /* RACHHTestTests.m in Sources */,
			);
			runOnlyForDeploymentPostprocessing = 0;
		};
		A1D68ABB22C4B90D00D95029 /* Sources */ = {
			isa = PBXSourcesBuildPhase;
			buildActionMask = 2147483647;
			files = (
				A1D68AC422C4B90D00D95029 /* RACHHTestUITests.m in Sources */,
			);
			runOnlyForDeploymentPostprocessing = 0;
		};
/* End PBXSourcesBuildPhase section */

/* Begin PBXTargetDependency section */
		A1D68AB622C4B90D00D95029 /* PBXTargetDependency */ = {
			isa = PBXTargetDependency;
			target = A1D68A9B22C4B90B00D95029 /* RACHHTest */;
			targetProxy = A1D68AB522C4B90D00D95029 /* PBXContainerItemProxy */;
		};
		A1D68AC122C4B90D00D95029 /* PBXTargetDependency */ = {
			isa = PBXTargetDependency;
			target = A1D68A9B22C4B90B00D95029 /* RACHHTest */;
			targetProxy = A1D68AC022C4B90D00D95029 /* PBXContainerItemProxy */;
		};
/* End PBXTargetDependency section */

/* Begin PBXVariantGroup section */
		A1D68AAA22C4B90D00D95029 /* LaunchScreen.storyboard */ = {
			isa = PBXVariantGroup;
			children = (
				A1D68AAB22C4B90D00D95029 /* Base */,
			);
			name = LaunchScreen.storyboard;
			sourceTree = "<group>";
		};
/* End PBXVariantGroup section */

/* Begin XCBuildConfiguration section */
		A1D68AC622C4B90D00D95029 /* Debug */ = {
			isa = XCBuildConfiguration;
			buildSettings = {
				ALWAYS_SEARCH_USER_PATHS = NO;
				CLANG_ANALYZER_NONNULL = YES;
				CLANG_ANALYZER_NUMBER_OBJECT_CONVERSION = YES_AGGRESSIVE;
				CLANG_CXX_LANGUAGE_STANDARD = "gnu++14";
				CLANG_CXX_LIBRARY = "libc++";
				CLANG_ENABLE_MODULES = YES;
				CLANG_ENABLE_OBJC_ARC = YES;
				CLANG_ENABLE_OBJC_WEAK = YES;
				CLANG_WARN_BLOCK_CAPTURE_AUTORELEASING = YES;
				CLANG_WARN_BOOL_CONVERSION = YES;
				CLANG_WARN_COMMA = YES;
				CLANG_WARN_CONSTANT_CONVERSION = YES;
				CLANG_WARN_DEPRECATED_OBJC_IMPLEMENTATIONS = YES;
				CLANG_WARN_DIRECT_OBJC_ISA_USAGE = YES_ERROR;
				CLANG_WARN_DOCUMENTATION_COMMENTS = YES;
				CLANG_WARN_EMPTY_BODY = YES;
				CLANG_WARN_ENUM_CONVERSION = YES;
				CLANG_WARN_INFINITE_RECURSION = YES;
				CLANG_WARN_INT_CONVERSION = YES;
				CLANG_WARN_NON_LITERAL_NULL_CONVERSION = YES;
				CLANG_WARN_OBJC_IMPLICIT_RETAIN_SELF = YES;
				CLANG_WARN_OBJC_LITERAL_CONVERSION = YES;
				CLANG_WARN_OBJC_ROOT_CLASS = YES_ERROR;
				CLANG_WARN_RANGE_LOOP_ANALYSIS = YES;
				CLANG_WARN_STRICT_PROTOTYPES = YES;
				CLANG_WARN_SUSPICIOUS_MOVE = YES;
				CLANG_WARN_UNGUARDED_AVAILABILITY = YES_AGGRESSIVE;
				CLANG_WARN_UNREACHABLE_CODE = YES;
				CLANG_WARN__DUPLICATE_METHOD_MATCH = YES;
				CODE_SIGN_IDENTITY = "iPhone Developer";
				COPY_PHASE_STRIP = NO;
				DEBUG_INFORMATION_FORMAT = dwarf;
				ENABLE_STRICT_OBJC_MSGSEND = YES;
				ENABLE_TESTABILITY = YES;
				GCC_C_LANGUAGE_STANDARD = gnu11;
				GCC_DYNAMIC_NO_PIC = NO;
				GCC_NO_COMMON_BLOCKS = YES;
				GCC_OPTIMIZATION_LEVEL = 0;
				GCC_PREPROCESSOR_DEFINITIONS = (
					"DEBUG=1",
					"$(inherited)",
				);
				GCC_WARN_64_TO_32_BIT_CONVERSION = YES;
				GCC_WARN_ABOUT_RETURN_TYPE = YES_ERROR;
				GCC_WARN_UNDECLARED_SELECTOR = YES;
				GCC_WARN_UNINITIALIZED_AUTOS = YES_AGGRESSIVE;
				GCC_WARN_UNUSED_FUNCTION = YES;
				GCC_WARN_UNUSED_VARIABLE = YES;
				IPHONEOS_DEPLOYMENT_TARGET = 12.2;
				MTL_ENABLE_DEBUG_INFO = INCLUDE_SOURCE;
				MTL_FAST_MATH = YES;
				ONLY_ACTIVE_ARCH = YES;
				SDKROOT = iphoneos;
			};
			name = Debug;
		};
		A1D68AC722C4B90D00D95029 /* Release */ = {
			isa = XCBuildConfiguration;
			buildSettings = {
				ALWAYS_SEARCH_USER_PATHS = NO;
				CLANG_ANALYZER_NONNULL = YES;
				CLANG_ANALYZER_NUMBER_OBJECT_CONVERSION = YES_AGGRESSIVE;
				CLANG_CXX_LANGUAGE_STANDARD = "gnu++14";
				CLANG_CXX_LIBRARY = "libc++";
				CLANG_ENABLE_MODULES = YES;
				CLANG_ENABLE_OBJC_ARC = YES;
				CLANG_ENABLE_OBJC_WEAK = YES;
				CLANG_WARN_BLOCK_CAPTURE_AUTORELEASING = YES;
				CLANG_WARN_BOOL_CONVERSION = YES;
				CLANG_WARN_COMMA = YES;
				CLANG_WARN_CONSTANT_CONVERSION = YES;
				CLANG_WARN_DEPRECATED_OBJC_IMPLEMENTATIONS = YES;
				CLANG_WARN_DIRECT_OBJC_ISA_USAGE = YES_ERROR;
				CLANG_WARN_DOCUMENTATION_COMMENTS = YES;
				CLANG_WARN_EMPTY_BODY = YES;
				CLANG_WARN_ENUM_CONVERSION = YES;
				CLANG_WARN_INFINITE_RECURSION = YES;
				CLANG_WARN_INT_CONVERSION = YES;
				CLANG_WARN_NON_LITERAL_NULL_CONVERSION = YES;
				CLANG_WARN_OBJC_IMPLICIT_RETAIN_SELF = YES;
				CLANG_WARN_OBJC_LITERAL_CONVERSION = YES;
				CLANG_WARN_OBJC_ROOT_CLASS = YES_ERROR;
				CLANG_WARN_RANGE_LOOP_ANALYSIS = YES;
				CLANG_WARN_STRICT_PROTOTYPES = YES;
				CLANG_WARN_SUSPICIOUS_MOVE = YES;
				CLANG_WARN_UNGUARDED_AVAILABILITY = YES_AGGRESSIVE;
				CLANG_WARN_UNREACHABLE_CODE = YES;
				CLANG_WARN__DUPLICATE_METHOD_MATCH = YES;
				CODE_SIGN_IDENTITY = "iPhone Developer";
				COPY_PHASE_STRIP = NO;
				DEBUG_INFORMATION_FORMAT = "dwarf-with-dsym";
				ENABLE_NS_ASSERTIONS = NO;
				ENABLE_STRICT_OBJC_MSGSEND = YES;
				GCC_C_LANGUAGE_STANDARD = gnu11;
				GCC_NO_COMMON_BLOCKS = YES;
				GCC_WARN_64_TO_32_BIT_CONVERSION = YES;
				GCC_WARN_ABOUT_RETURN_TYPE = YES_ERROR;
				GCC_WARN_UNDECLARED_SELECTOR = YES;
				GCC_WARN_UNINITIALIZED_AUTOS = YES_AGGRESSIVE;
				GCC_WARN_UNUSED_FUNCTION = YES;
				GCC_WARN_UNUSED_VARIABLE = YES;
				IPHONEOS_DEPLOYMENT_TARGET = 12.2;
				MTL_ENABLE_DEBUG_INFO = NO;
				MTL_FAST_MATH = YES;
				SDKROOT = iphoneos;
				VALIDATE_PRODUCT = YES;
			};
			name = Release;
		};
		A1D68AC922C4B90D00D95029 /* Debug */ = {
			isa = XCBuildConfiguration;
			baseConfigurationReference = CE8FA99D9C8733AD5EAFB7F1 /* Pods-RACHHTest.debug.xcconfig */;
			buildSettings = {
				ASSETCATALOG_COMPILER_APPICON_NAME = AppIcon;
				CODE_SIGN_STYLE = Automatic;
				DEVELOPMENT_TEAM = D2ESPK67ZT;
				GCC_PREFIX_HEADER = "$(SRCROOT)/RACHHTest/HHPrefix.pch";
				INFOPLIST_FILE = RACHHTest/Info.plist;
				IPHONEOS_DEPLOYMENT_TARGET = 9.0;
				LD_RUNPATH_SEARCH_PATHS = (
					"$(inherited)",
					"@executable_path/Frameworks",
				);
				PRODUCT_BUNDLE_IDENTIFIER = com.mxz.RACHHTest;
				PRODUCT_NAME = "$(TARGET_NAME)";
				TARGETED_DEVICE_FAMILY = "1,2";
			};
			name = Debug;
		};
		A1D68ACA22C4B90D00D95029 /* Release */ = {
			isa = XCBuildConfiguration;
			baseConfigurationReference = 0E2E6C057A85BB431318BED2 /* Pods-RACHHTest.release.xcconfig */;
			buildSettings = {
				ASSETCATALOG_COMPILER_APPICON_NAME = AppIcon;
				CODE_SIGN_STYLE = Automatic;
				DEVELOPMENT_TEAM = D2ESPK67ZT;
				GCC_PREFIX_HEADER = "$(SRCROOT)/RACHHTest/HHPrefix.pch";
				INFOPLIST_FILE = RACHHTest/Info.plist;
				IPHONEOS_DEPLOYMENT_TARGET = 9.0;
				LD_RUNPATH_SEARCH_PATHS = (
					"$(inherited)",
					"@executable_path/Frameworks",
				);
				PRODUCT_BUNDLE_IDENTIFIER = com.mxz.RACHHTest;
				PRODUCT_NAME = "$(TARGET_NAME)";
				TARGETED_DEVICE_FAMILY = "1,2";
			};
			name = Release;
		};
		A1D68ACC22C4B90D00D95029 /* Debug */ = {
			isa = XCBuildConfiguration;
			buildSettings = {
				BUNDLE_LOADER = "$(TEST_HOST)";
				CODE_SIGN_STYLE = Automatic;
				INFOPLIST_FILE = RACHHTestTests/Info.plist;
				LD_RUNPATH_SEARCH_PATHS = (
					"$(inherited)",
					"@executable_path/Frameworks",
					"@loader_path/Frameworks",
				);
				PRODUCT_BUNDLE_IDENTIFIER = com.mxz.RACHHTestTests;
				PRODUCT_NAME = "$(TARGET_NAME)";
				TARGETED_DEVICE_FAMILY = "1,2";
				TEST_HOST = "$(BUILT_PRODUCTS_DIR)/RACHHTest.app/RACHHTest";
			};
			name = Debug;
		};
		A1D68ACD22C4B90D00D95029 /* Release */ = {
			isa = XCBuildConfiguration;
			buildSettings = {
				BUNDLE_LOADER = "$(TEST_HOST)";
				CODE_SIGN_STYLE = Automatic;
				INFOPLIST_FILE = RACHHTestTests/Info.plist;
				LD_RUNPATH_SEARCH_PATHS = (
					"$(inherited)",
					"@executable_path/Frameworks",
					"@loader_path/Frameworks",
				);
				PRODUCT_BUNDLE_IDENTIFIER = com.mxz.RACHHTestTests;
				PRODUCT_NAME = "$(TARGET_NAME)";
				TARGETED_DEVICE_FAMILY = "1,2";
				TEST_HOST = "$(BUILT_PRODUCTS_DIR)/RACHHTest.app/RACHHTest";
			};
			name = Release;
		};
		A1D68ACF22C4B90D00D95029 /* Debug */ = {
			isa = XCBuildConfiguration;
			buildSettings = {
				CODE_SIGN_STYLE = Automatic;
				INFOPLIST_FILE = RACHHTestUITests/Info.plist;
				LD_RUNPATH_SEARCH_PATHS = (
					"$(inherited)",
					"@executable_path/Frameworks",
					"@loader_path/Frameworks",
				);
				PRODUCT_BUNDLE_IDENTIFIER = com.mxz.RACHHTestUITests;
				PRODUCT_NAME = "$(TARGET_NAME)";
				TARGETED_DEVICE_FAMILY = "1,2";
				TEST_TARGET_NAME = RACHHTest;
			};
			name = Debug;
		};
		A1D68AD022C4B90D00D95029 /* Release */ = {
			isa = XCBuildConfiguration;
			buildSettings = {
				CODE_SIGN_STYLE = Automatic;
				INFOPLIST_FILE = RACHHTestUITests/Info.plist;
				LD_RUNPATH_SEARCH_PATHS = (
					"$(inherited)",
					"@executable_path/Frameworks",
					"@loader_path/Frameworks",
				);
				PRODUCT_BUNDLE_IDENTIFIER = com.mxz.RACHHTestUITests;
				PRODUCT_NAME = "$(TARGET_NAME)";
				TARGETED_DEVICE_FAMILY = "1,2";
				TEST_TARGET_NAME = RACHHTest;
			};
			name = Release;
		};
/* End XCBuildConfiguration section */

/* Begin XCConfigurationList section */
		A1D68A9722C4B90B00D95029 /* Build configuration list for PBXProject "RACHHTest" */ = {
			isa = XCConfigurationList;
			buildConfigurations = (
				A1D68AC622C4B90D00D95029 /* Debug */,
				A1D68AC722C4B90D00D95029 /* Release */,
			);
			defaultConfigurationIsVisible = 0;
			defaultConfigurationName = Release;
		};
		A1D68AC822C4B90D00D95029 /* Build configuration list for PBXNativeTarget "RACHHTest" */ = {
			isa = XCConfigurationList;
			buildConfigurations = (
				A1D68AC922C4B90D00D95029 /* Debug */,
				A1D68ACA22C4B90D00D95029 /* Release */,
			);
			defaultConfigurationIsVisible = 0;
			defaultConfigurationName = Release;
		};
		A1D68ACB22C4B90D00D95029 /* Build configuration list for PBXNativeTarget "RACHHTestTests" */ = {
			isa = XCConfigurationList;
			buildConfigurations = (
				A1D68ACC22C4B90D00D95029 /* Debug */,
				A1D68ACD22C4B90D00D95029 /* Release */,
			);
			defaultConfigurationIsVisible = 0;
			defaultConfigurationName = Release;
		};
		A1D68ACE22C4B90D00D95029 /* Build configuration list for PBXNativeTarget "RACHHTestUITests" */ = {
			isa = XCConfigurationList;
			buildConfigurations = (
				A1D68ACF22C4B90D00D95029 /* Debug */,
				A1D68AD022C4B90D00D95029 /* Release */,
			);
			defaultConfigurationIsVisible = 0;
			defaultConfigurationName = Release;
		};
/* End XCConfigurationList section */
	};
	rootObject = A1D68A9422C4B90B00D95029 /* Project object */;
}
